
Microsoft Visual Studio Solution File, Format Version 12.00
# Visual Studio Version 16
VisualStudioVersion = 16.0.31402.337
MinimumVisualStudioVersion = 10.0.40219.1
Project("{8BC9CEB8-8B4A-11D0-8D11-00A0C91BC942}") = "SleetoWare", "SleetoWare\SleetoWare.vcxproj", "{729141C1-6721-4352-8662-8F2DAD535A56}"
EndProject
Global
	GlobalSection(SolutionConfigurationPlatforms) = preSolution
		Debug|x64 = Debug|x64
		Debug|x86 = Debug|x86
		Release|x64 = Release|x64
		Release|x86 = Release|x86
	EndGlobalSection
	GlobalSection(ProjectConfigurationPlatforms) = postSolution
		{729141C1-6721-4352-8662-8F2DAD535A56}.Debug|x64.ActiveCfg = Debug|x64
		{729141C1-6721-4352-8662-8F2DAD535A56}.Debug|x64.Build.0 = Debug|x64
		{729141C1-6721-4352-8662-8F2DAD535A56}.Debug|x86.ActiveCfg = Debug|Win32
		{729141C1-6721-4352-8662-8F2DAD535A56}.Debug|x86.Build.0 = Debug|Win32
		{729141C1-6721-4352-8662-8F2DAD535A56}.Release|x64.ActiveCfg = Release|x64
		{729141C1-6721-4352-8662-8F2DAD535A56}.Release|x64.Build.0 = Release|x64
		{729141C1-6721-4352-8662-8F2DAD535A56}.Release|x86.ActiveCfg = Release|Win32
		{729141C1-6721-4352-8662-8F2DAD535A56}.Release|x86.Build.0 = Release|Win32
	EndGlobalSection
	GlobalSection(SolutionProperties) = preSolution
		HideSolutionNode = FALSE
	EndGlobalSection
	GlobalSection(ExtensibilityGlobals) = postSolution
		SolutionGuid = {FB3B9EB2-4CD3-4159-AE7E-F66DD360D5E0}
	EndGlobalSection
EndGlobal
